
Microsoft Visual Studio Solution File, Format Version 12.00
# Visual Studio Version 16
VisualStudioVersion = 16.0.30804.86
MinimumVisualStudioVersion = 10.0.40219.1
Project("{FAE04EC0-301F-11D3-BF4B-00C04F79EFBC}") = "RemPeople.Api", "RemPeople.Api\RemPeople.Api.csproj", "{A197A0A8-726C-454A-B4BC-D3AA7C869931}"
EndProject
Global
	GlobalSection(SolutionConfigurationPlatforms) = preSolution
		Debug|Any CPU = Debug|Any CPU
		Release|Any CPU = Release|Any CPU
	EndGlobalSection
	GlobalSection(ProjectConfigurationPlatforms) = postSolution
		{A197A0A8-726C-454A-B4BC-D3AA7C869931}.Debug|Any CPU.ActiveCfg = Debug|Any CPU
		{A197A0A8-726C-454A-B4BC-D3AA7C869931}.Debug|Any CPU.Build.0 = Debug|Any CPU
		{A197A0A8-726C-454A-B4BC-D3AA7C869931}.Release|Any CPU.ActiveCfg = Release|Any CPU
		{A197A0A8-726C-454A-B4BC-D3AA7C869931}.Release|Any CPU.Build.0 = Release|Any CPU
	EndGlobalSection
	GlobalSection(SolutionProperties) = preSolution
		HideSolutionNode = FALSE
	EndGlobalSection
	GlobalSection(ExtensibilityGlobals) = postSolution
		SolutionGuid = {AF357B1B-DF0A-4E1D-93A1-ACF92493A710}
	EndGlobalSection
EndGlobal
